// !$*UTF8*$!
{
	archiveVersion = 1;
	classes = {
	};
	objectVersion = 53;
	objects = {

/* Begin PBXBuildFile section */
		D61A2E342A9330890026CEE5 /* Tests_iOS.swift in Sources */ = {isa = PBXBuildFile; fileRef = D61A2E332A9330890026CEE5 /* Tests_iOS.swift */; };
		D61A2E3F2A9330890026CEE5 /* Tests_macOS.swift in Sources */ = {isa = PBXBuildFile; fileRef = D61A2E3E2A9330890026CEE5 /* Tests_macOS.swift */; };
		D61A2E412A9330890026CEE5 /* CarPediaApp.swift in Sources */ = {isa = PBXBuildFile; fileRef = D61A2E182A9330880026CEE5 /* CarPediaApp.swift */; };
		D61A2E422A9330890026CEE5 /* CarPediaApp.swift in Sources */ = {isa = PBXBuildFile; fileRef = D61A2E182A9330880026CEE5 /* CarPediaApp.swift */; };
		D61A2E432A9330890026CEE5 /* ContentView.swift in Sources */ = {isa = PBXBuildFile; fileRef = D61A2E192A9330880026CEE5 /* ContentView.swift */; };
		D61A2E442A9330890026CEE5 /* ContentView.swift in Sources */ = {isa = PBXBuildFile; fileRef = D61A2E192A9330880026CEE5 /* ContentView.swift */; };
		D61A2E452A9330890026CEE5 /* Assets.xcassets in Resources */ = {isa = PBXBuildFile; fileRef = D61A2E1A2A9330890026CEE5 /* Assets.xcassets */; };
		D61A2E462A9330890026CEE5 /* Assets.xcassets in Resources */ = {isa = PBXBuildFile; fileRef = D61A2E1A2A9330890026CEE5 /* Assets.xcassets */; };
		D649ADAF2A934B8C00F4DCF4 /* AddCarView.swift in Sources */ = {isa = PBXBuildFile; fileRef = D649ADAE2A934B8C00F4DCF4 /* AddCarView.swift */; };
		D649ADB02A934B8C00F4DCF4 /* AddCarView.swift in Sources */ = {isa = PBXBuildFile; fileRef = D649ADAE2A934B8C00F4DCF4 /* AddCarView.swift */; };
		D649ADB22A934B9F00F4DCF4 /* Car.swift in Sources */ = {isa = PBXBuildFile; fileRef = D649ADB12A934B9F00F4DCF4 /* Car.swift */; };
		D649ADB32A934B9F00F4DCF4 /* Car.swift in Sources */ = {isa = PBXBuildFile; fileRef = D649ADB12A934B9F00F4DCF4 /* Car.swift */; };
		D649ADB52A934BB300F4DCF4 /* CarDetailView.swift in Sources */ = {isa = PBXBuildFile; fileRef = D649ADB42A934BB300F4DCF4 /* CarDetailView.swift */; };
		D649ADB62A934BB300F4DCF4 /* CarDetailView.swift in Sources */ = {isa = PBXBuildFile; fileRef = D649ADB42A934BB300F4DCF4 /* CarDetailView.swift */; };
		D649ADB82A934BC700F4DCF4 /* CarListView.swift in Sources */ = {isa = PBXBuildFile; fileRef = D649ADB72A934BC700F4DCF4 /* CarListView.swift */; };
		D649ADB92A934BC700F4DCF4 /* CarListView.swift in Sources */ = {isa = PBXBuildFile; fileRef = D649ADB72A934BC700F4DCF4 /* CarListView.swift */; };
		D649ADBB2A934BDA00F4DCF4 /* CarListViewModel.swift in Sources */ = {isa = PBXBuildFile; fileRef = D649ADBA2A934BDA00F4DCF4 /* CarListViewModel.swift */; };
		D649ADBC2A934BDA00F4DCF4 /* CarListViewModel.swift in Sources */ = {isa = PBXBuildFile; fileRef = D649ADBA2A934BDA00F4DCF4 /* CarListViewModel.swift */; };
		D649ADBE2A934D1E00F4DCF4 /* ColoursExtensions.swift in Sources */ = {isa = PBXBuildFile; fileRef = D649ADBD2A934D1E00F4DCF4 /* ColoursExtensions.swift */; };
		D649ADBF2A934D1E00F4DCF4 /* ColoursExtensions.swift in Sources */ = {isa = PBXBuildFile; fileRef = D649ADBD2A934D1E00F4DCF4 /* ColoursExtensions.swift */; };
		D649ADC12A934D4B00F4DCF4 /* LoginView.swift in Sources */ = {isa = PBXBuildFile; fileRef = D649ADC02A934D4B00F4DCF4 /* LoginView.swift */; };
		D649ADC22A934D4B00F4DCF4 /* LoginView.swift in Sources */ = {isa = PBXBuildFile; fileRef = D649ADC02A934D4B00F4DCF4 /* LoginView.swift */; };
		D649ADC42A934D5E00F4DCF4 /* EditCarView.swift in Sources */ = {isa = PBXBuildFile; fileRef = D649ADC32A934D5E00F4DCF4 /* EditCarView.swift */; };
		D649ADC52A934D5E00F4DCF4 /* EditCarView.swift in Sources */ = {isa = PBXBuildFile; fileRef = D649ADC32A934D5E00F4DCF4 /* EditCarView.swift */; };
		D649ADC72A934D7100F4DCF4 /* DateFormatterExtensions.swift in Sources */ = {isa = PBXBuildFile; fileRef = D649ADC62A934D7100F4DCF4 /* DateFormatterExtensions.swift */; };
		D649ADC82A934D7100F4DCF4 /* DateFormatterExtensions.swift in Sources */ = {isa = PBXBuildFile; fileRef = D649ADC62A934D7100F4DCF4 /* DateFormatterExtensions.swift */; };
		D649ADCA2A934D8100F4DCF4 /* ImagePicker.swift in Sources */ = {isa = PBXBuildFile; fileRef = D649ADC92A934D8100F4DCF4 /* ImagePicker.swift */; };
		D649ADCB2A934D8100F4DCF4 /* ImagePicker.swift in Sources */ = {isa = PBXBuildFile; fileRef = D649ADC92A934D8100F4DCF4 /* ImagePicker.swift */; };
		D6940FB12A94B6340034F6CA /* RegistrationView.swift in Sources */ = {isa = PBXBuildFile; fileRef = D6940FB02A94B6330034F6CA /* RegistrationView.swift */; };
		D6940FB22A94B6340034F6CA /* RegistrationView.swift in Sources */ = {isa = PBXBuildFile; fileRef = D6940FB02A94B6330034F6CA /* RegistrationView.swift */; };
		D6940FB72A9B12AA0034F6CA /* SearchBar.swift in Sources */ = {isa = PBXBuildFile; fileRef = D6940FB62A9B12AA0034F6CA /* SearchBar.swift */; };
		D6940FB82A9B12AA0034F6CA /* SearchBar.swift in Sources */ = {isa = PBXBuildFile; fileRef = D6940FB62A9B12AA0034F6CA /* SearchBar.swift */; };
		D6940FC12A9B1D780034F6CA /* GoogleService-Info.plist in Resources */ = {isa = PBXBuildFile; fileRef = D6940FC02A9B1D780034F6CA /* GoogleService-Info.plist */; };
		D6940FC22A9B1D780034F6CA /* GoogleService-Info.plist in Resources */ = {isa = PBXBuildFile; fileRef = D6940FC02A9B1D780034F6CA /* GoogleService-Info.plist */; };
		D6940FC52A9B64D80034F6CA /* FirebaseAnalytics in Frameworks */ = {isa = PBXBuildFile; productRef = D6940FC42A9B64D80034F6CA /* FirebaseAnalytics */; };
		D6940FC72A9B64D80034F6CA /* FirebaseAnalyticsOnDeviceConversion in Frameworks */ = {isa = PBXBuildFile; productRef = D6940FC62A9B64D80034F6CA /* FirebaseAnalyticsOnDeviceConversion */; };
		D6940FC92A9B64D80034F6CA /* FirebaseAnalyticsSwift in Frameworks */ = {isa = PBXBuildFile; productRef = D6940FC82A9B64D80034F6CA /* FirebaseAnalyticsSwift */; };
		D6940FCB2A9B64D80034F6CA /* FirebaseAnalyticsWithoutAdIdSupport in Frameworks */ = {isa = PBXBuildFile; productRef = D6940FCA2A9B64D80034F6CA /* FirebaseAnalyticsWithoutAdIdSupport */; };
		D6940FCD2A9B64D80034F6CA /* FirebaseAppCheck in Frameworks */ = {isa = PBXBuildFile; productRef = D6940FCC2A9B64D80034F6CA /* FirebaseAppCheck */; };
		D6940FCF2A9B64D80034F6CA /* FirebaseAppDistribution-Beta in Frameworks */ = {isa = PBXBuildFile; productRef = D6940FCE2A9B64D80034F6CA /* FirebaseAppDistribution-Beta */; };
		D6940FD12A9B64D80034F6CA /* FirebaseAuth in Frameworks */ = {isa = PBXBuildFile; productRef = D6940FD02A9B64D80034F6CA /* FirebaseAuth */; };
		D6940FD32A9B64D80034F6CA /* FirebaseAuthCombine-Community in Frameworks */ = {isa = PBXBuildFile; productRef = D6940FD22A9B64D80034F6CA /* FirebaseAuthCombine-Community */; };
		D6940FD52A9B64D80034F6CA /* FirebaseCrashlytics in Frameworks */ = {isa = PBXBuildFile; productRef = D6940FD42A9B64D80034F6CA /* FirebaseCrashlytics */; };
		D6940FD72A9B64D80034F6CA /* FirebaseDatabase in Frameworks */ = {isa = PBXBuildFile; productRef = D6940FD62A9B64D80034F6CA /* FirebaseDatabase */; };
		D6940FD92A9B64D80034F6CA /* FirebaseDatabaseSwift in Frameworks */ = {isa = PBXBuildFile; productRef = D6940FD82A9B64D80034F6CA /* FirebaseDatabaseSwift */; };
		D6940FDB2A9B64D80034F6CA /* FirebaseDynamicLinks in Frameworks */ = {isa = PBXBuildFile; productRef = D6940FDA2A9B64D80034F6CA /* FirebaseDynamicLinks */; };
		D6940FDD2A9B64D80034F6CA /* FirebaseFirestore in Frameworks */ = {isa = PBXBuildFile; productRef = D6940FDC2A9B64D80034F6CA /* FirebaseFirestore */; };
		D6940FDF2A9B64D80034F6CA /* FirebaseFirestoreCombine-Community in Frameworks */ = {isa = PBXBuildFile; productRef = D6940FDE2A9B64D80034F6CA /* FirebaseFirestoreCombine-Community */; };
		D6940FE12A9B64D80034F6CA /* FirebaseFirestoreSwift in Frameworks */ = {isa = PBXBuildFile; productRef = D6940FE02A9B64D80034F6CA /* FirebaseFirestoreSwift */; };
		D6940FE32A9B64D80034F6CA /* FirebaseFunctions in Frameworks */ = {isa = PBXBuildFile; productRef = D6940FE22A9B64D80034F6CA /* FirebaseFunctions */; };
		D6940FE52A9B64D80034F6CA /* FirebaseFunctionsCombine-Community in Frameworks */ = {isa = PBXBuildFile; productRef = D6940FE42A9B64D80034F6CA /* FirebaseFunctionsCombine-Community */; };
		D6940FE72A9B64D80034F6CA /* FirebaseInAppMessagingSwift-Beta in Frameworks */ = {isa = PBXBuildFile; productRef = D6940FE62A9B64D80034F6CA /* FirebaseInAppMessagingSwift-Beta */; };
		D6940FE92A9B64D80034F6CA /* FirebaseInstallations in Frameworks */ = {isa = PBXBuildFile; productRef = D6940FE82A9B64D80034F6CA /* FirebaseInstallations */; };
		D6940FEB2A9B64D80034F6CA /* FirebaseMLModelDownloader in Frameworks */ = {isa = PBXBuildFile; productRef = D6940FEA2A9B64D80034F6CA /* FirebaseMLModelDownloader */; };
		D6940FED2A9B64D80034F6CA /* FirebaseMessaging in Frameworks */ = {isa = PBXBuildFile; productRef = D6940FEC2A9B64D80034F6CA /* FirebaseMessaging */; };
		D6940FEF2A9B64D80034F6CA /* FirebasePerformance in Frameworks */ = {isa = PBXBuildFile; productRef = D6940FEE2A9B64D80034F6CA /* FirebasePerformance */; };
		D6940FF12A9B64D80034F6CA /* FirebaseRemoteConfig in Frameworks */ = {isa = PBXBuildFile; productRef = D6940FF02A9B64D80034F6CA /* FirebaseRemoteConfig */; };
		D6940FF32A9B64D80034F6CA /* FirebaseRemoteConfigSwift in Frameworks */ = {isa = PBXBuildFile; productRef = D6940FF22A9B64D80034F6CA /* FirebaseRemoteConfigSwift */; };
		D6940FF52A9B64D80034F6CA /* FirebaseStorage in Frameworks */ = {isa = PBXBuildFile; productRef = D6940FF42A9B64D80034F6CA /* FirebaseStorage */; };
		D6940FF72A9B64D80034F6CA /* FirebaseStorageCombine-Community in Frameworks */ = {isa = PBXBuildFile; productRef = D6940FF62A9B64D80034F6CA /* FirebaseStorageCombine-Community */; };
		D6940FF92A9C82F80034F6CA /* ForgotPasswordView.swift in Sources */ = {isa = PBXBuildFile; fileRef = D6940FF82A9C82F80034F6CA /* ForgotPasswordView.swift */; };
		D6940FFA2A9C82F80034F6CA /* ForgotPasswordView.swift in Sources */ = {isa = PBXBuildFile; fileRef = D6940FF82A9C82F80034F6CA /* ForgotPasswordView.swift */; };
/* End PBXBuildFile section */

/* Begin PBXContainerItemProxy section */
		D61A2E302A9330890026CEE5 /* PBXContainerItemProxy */ = {
			isa = PBXContainerItemProxy;
			containerPortal = D61A2E132A9330880026CEE5 /* Project object */;
			proxyType = 1;
			remoteGlobalIDString = D61A2E1E2A9330890026CEE5;
			remoteInfo = "CarPedia (iOS)";
		};
		D61A2E3B2A9330890026CEE5 /* PBXContainerItemProxy */ = {
			isa = PBXContainerItemProxy;
			containerPortal = D61A2E132A9330880026CEE5 /* Project object */;
			proxyType = 1;
			remoteGlobalIDString = D61A2E262A9330890026CEE5;
			remoteInfo = "CarPedia (macOS)";
		};
/* End PBXContainerItemProxy section */

/* Begin PBXFileReference section */
		D61A2E182A9330880026CEE5 /* CarPediaApp.swift */ = {isa = PBXFileReference; lastKnownFileType = sourcecode.swift; path = CarPediaApp.swift; sourceTree = "<group>"; };
		D61A2E192A9330880026CEE5 /* ContentView.swift */ = {isa = PBXFileReference; lastKnownFileType = sourcecode.swift; path = ContentView.swift; sourceTree = "<group>"; };
		D61A2E1A2A9330890026CEE5 /* Assets.xcassets */ = {isa = PBXFileReference; lastKnownFileType = folder.assetcatalog; path = Assets.xcassets; sourceTree = "<group>"; };
		D61A2E1F2A9330890026CEE5 /* CarPedia.app */ = {isa = PBXFileReference; explicitFileType = wrapper.application; includeInIndex = 0; path = CarPedia.app; sourceTree = BUILT_PRODUCTS_DIR; };
		D61A2E222A9330890026CEE5 /* Info.plist */ = {isa = PBXFileReference; lastKnownFileType = text.plist.xml; path = Info.plist; sourceTree = "<group>"; };
		D61A2E272A9330890026CEE5 /* CarPedia.app */ = {isa = PBXFileReference; explicitFileType = wrapper.application; includeInIndex = 0; path = CarPedia.app; sourceTree = BUILT_PRODUCTS_DIR; };
		D61A2E292A9330890026CEE5 /* Info.plist */ = {isa = PBXFileReference; lastKnownFileType = text.plist.xml; path = Info.plist; sourceTree = "<group>"; };
		D61A2E2A2A9330890026CEE5 /* macOS.entitlements */ = {isa = PBXFileReference; lastKnownFileType = text.plist.entitlements; path = macOS.entitlements; sourceTree = "<group>"; };
		D61A2E2F2A9330890026CEE5 /* Tests iOS.xctest */ = {isa = PBXFileReference; explicitFileType = wrapper.cfbundle; includeInIndex = 0; path = "Tests iOS.xctest"; sourceTree = BUILT_PRODUCTS_DIR; };
		D61A2E332A9330890026CEE5 /* Tests_iOS.swift */ = {isa = PBXFileReference; lastKnownFileType = sourcecode.swift; path = Tests_iOS.swift; sourceTree = "<group>"; };
		D61A2E352A9330890026CEE5 /* Info.plist */ = {isa = PBXFileReference; lastKnownFileType = text.plist.xml; path = Info.plist; sourceTree = "<group>"; };
		D61A2E3A2A9330890026CEE5 /* Tests macOS.xctest */ = {isa = PBXFileReference; explicitFileType = wrapper.cfbundle; includeInIndex = 0; path = "Tests macOS.xctest"; sourceTree = BUILT_PRODUCTS_DIR; };
		D61A2E3E2A9330890026CEE5 /* Tests_macOS.swift */ = {isa = PBXFileReference; lastKnownFileType = sourcecode.swift; path = Tests_macOS.swift; sourceTree = "<group>"; };
		D61A2E402A9330890026CEE5 /* Info.plist */ = {isa = PBXFileReference; lastKnownFileType = text.plist.xml; path = Info.plist; sourceTree = "<group>"; };
		D649ADAE2A934B8C00F4DCF4 /* AddCarView.swift */ = {isa = PBXFileReference; lastKnownFileType = sourcecode.swift; path = AddCarView.swift; sourceTree = "<group>"; };
		D649ADB12A934B9F00F4DCF4 /* Car.swift */ = {isa = PBXFileReference; lastKnownFileType = sourcecode.swift; path = Car.swift; sourceTree = "<group>"; };
		D649ADB42A934BB300F4DCF4 /* CarDetailView.swift */ = {isa = PBXFileReference; lastKnownFileType = sourcecode.swift; path = CarDetailView.swift; sourceTree = "<group>"; };
		D649ADB72A934BC700F4DCF4 /* CarListView.swift */ = {isa = PBXFileReference; lastKnownFileType = sourcecode.swift; path = CarListView.swift; sourceTree = "<group>"; };
		D649ADBA2A934BDA00F4DCF4 /* CarListViewModel.swift */ = {isa = PBXFileReference; lastKnownFileType = sourcecode.swift; path = CarListViewModel.swift; sourceTree = "<group>"; };
		D649ADBD2A934D1E00F4DCF4 /* ColoursExtensions.swift */ = {isa = PBXFileReference; lastKnownFileType = sourcecode.swift; path = ColoursExtensions.swift; sourceTree = "<group>"; };
		D649ADC02A934D4B00F4DCF4 /* LoginView.swift */ = {isa = PBXFileReference; lastKnownFileType = sourcecode.swift; path = LoginView.swift; sourceTree = "<group>"; };
		D649ADC32A934D5E00F4DCF4 /* EditCarView.swift */ = {isa = PBXFileReference; lastKnownFileType = sourcecode.swift; path = EditCarView.swift; sourceTree = "<group>"; };
		D649ADC62A934D7100F4DCF4 /* DateFormatterExtensions.swift */ = {isa = PBXFileReference; lastKnownFileType = sourcecode.swift; path = DateFormatterExtensions.swift; sourceTree = "<group>"; };
		D649ADC92A934D8100F4DCF4 /* ImagePicker.swift */ = {isa = PBXFileReference; lastKnownFileType = sourcecode.swift; path = ImagePicker.swift; sourceTree = "<group>"; };
		D6940FB02A94B6330034F6CA /* RegistrationView.swift */ = {isa = PBXFileReference; lastKnownFileType = sourcecode.swift; path = RegistrationView.swift; sourceTree = "<group>"; };
		D6940FB62A9B12AA0034F6CA /* SearchBar.swift */ = {isa = PBXFileReference; lastKnownFileType = sourcecode.swift; path = SearchBar.swift; sourceTree = "<group>"; };
		D6940FC02A9B1D780034F6CA /* GoogleService-Info.plist */ = {isa = PBXFileReference; fileEncoding = 4; lastKnownFileType = text.plist.xml; name = "GoogleService-Info.plist"; path = "../../../Downloads/GoogleService-Info.plist"; sourceTree = "<group>"; };
		D6940FF82A9C82F80034F6CA /* ForgotPasswordView.swift */ = {isa = PBXFileReference; lastKnownFileType = sourcecode.swift; path = ForgotPasswordView.swift; sourceTree = "<group>"; };
/* End PBXFileReference section */

/* Begin PBXFrameworksBuildPhase section */
		D61A2E1C2A9330890026CEE5 /* Frameworks */ = {
			isa = PBXFrameworksBuildPhase;
			buildActionMask = 2147483647;
			files = (
				D6940FEF2A9B64D80034F6CA /* FirebasePerformance in Frameworks */,
				D6940FD72A9B64D80034F6CA /* FirebaseDatabase in Frameworks */,
				D6940FE52A9B64D80034F6CA /* FirebaseFunctionsCombine-Community in Frameworks */,
				D6940FF52A9B64D80034F6CA /* FirebaseStorage in Frameworks */,
				D6940FDD2A9B64D80034F6CA /* FirebaseFirestore in Frameworks */,
				D6940FC92A9B64D80034F6CA /* FirebaseAnalyticsSwift in Frameworks */,
				D6940FC52A9B64D80034F6CA /* FirebaseAnalytics in Frameworks */,
				D6940FC72A9B64D80034F6CA /* FirebaseAnalyticsOnDeviceConversion in Frameworks */,
				D6940FE12A9B64D80034F6CA /* FirebaseFirestoreSwift in Frameworks */,
				D6940FEB2A9B64D80034F6CA /* FirebaseMLModelDownloader in Frameworks */,
				D6940FF32A9B64D80034F6CA /* FirebaseRemoteConfigSwift in Frameworks */,
				D6940FCD2A9B64D80034F6CA /* FirebaseAppCheck in Frameworks */,
				D6940FED2A9B64D80034F6CA /* FirebaseMessaging in Frameworks */,
				D6940FE92A9B64D80034F6CA /* FirebaseInstallations in Frameworks */,
				D6940FCB2A9B64D80034F6CA /* FirebaseAnalyticsWithoutAdIdSupport in Frameworks */,
				D6940FD12A9B64D80034F6CA /* FirebaseAuth in Frameworks */,
				D6940FF72A9B64D80034F6CA /* FirebaseStorageCombine-Community in Frameworks */,
				D6940FD52A9B64D80034F6CA /* FirebaseCrashlytics in Frameworks */,
				D6940FD92A9B64D80034F6CA /* FirebaseDatabaseSwift in Frameworks */,
				D6940FE32A9B64D80034F6CA /* FirebaseFunctions in Frameworks */,
				D6940FCF2A9B64D80034F6CA /* FirebaseAppDistribution-Beta in Frameworks */,
				D6940FF12A9B64D80034F6CA /* FirebaseRemoteConfig in Frameworks */,
				D6940FD32A9B64D80034F6CA /* FirebaseAuthCombine-Community in Frameworks */,
				D6940FDB2A9B64D80034F6CA /* FirebaseDynamicLinks in Frameworks */,
				D6940FE72A9B64D80034F6CA /* FirebaseInAppMessagingSwift-Beta in Frameworks */,
				D6940FDF2A9B64D80034F6CA /* FirebaseFirestoreCombine-Community in Frameworks */,
			);
			runOnlyForDeploymentPostprocessing = 0;
		};
		D61A2E242A9330890026CEE5 /* Frameworks */ = {
			isa = PBXFrameworksBuildPhase;
			buildActionMask = 2147483647;
			files = (
			);
			runOnlyForDeploymentPostprocessing = 0;
		};
		D61A2E2C2A9330890026CEE5 /* Frameworks */ = {
			isa = PBXFrameworksBuildPhase;
			buildActionMask = 2147483647;
			files = (
			);
			runOnlyForDeploymentPostprocessing = 0;
		};
		D61A2E372A9330890026CEE5 /* Frameworks */ = {
			isa = PBXFrameworksBuildPhase;
			buildActionMask = 2147483647;
			files = (
			);
			runOnlyForDeploymentPostprocessing = 0;
		};
/* End PBXFrameworksBuildPhase section */

/* Begin PBXGroup section */
		D61A2E122A9330880026CEE5 = {
			isa = PBXGroup;
			children = (
				D61A2E172A9330880026CEE5 /* Shared */,
				D61A2E212A9330890026CEE5 /* iOS */,
				D61A2E282A9330890026CEE5 /* macOS */,
				D61A2E322A9330890026CEE5 /* Tests iOS */,
				D61A2E3D2A9330890026CEE5 /* Tests macOS */,
				D61A2E202A9330890026CEE5 /* Products */,
			);
			sourceTree = "<group>";
		};
		D61A2E172A9330880026CEE5 /* Shared */ = {
			isa = PBXGroup;
			children = (
				D6940FC02A9B1D780034F6CA /* GoogleService-Info.plist */,
				D61A2E182A9330880026CEE5 /* CarPediaApp.swift */,
				D61A2E192A9330880026CEE5 /* ContentView.swift */,
				D61A2E1A2A9330890026CEE5 /* Assets.xcassets */,
				D649ADAE2A934B8C00F4DCF4 /* AddCarView.swift */,
				D649ADB12A934B9F00F4DCF4 /* Car.swift */,
				D649ADB42A934BB300F4DCF4 /* CarDetailView.swift */,
				D649ADB72A934BC700F4DCF4 /* CarListView.swift */,
				D649ADBA2A934BDA00F4DCF4 /* CarListViewModel.swift */,
				D649ADBD2A934D1E00F4DCF4 /* ColoursExtensions.swift */,
				D649ADC02A934D4B00F4DCF4 /* LoginView.swift */,
				D649ADC32A934D5E00F4DCF4 /* EditCarView.swift */,
				D649ADC62A934D7100F4DCF4 /* DateFormatterExtensions.swift */,
				D649ADC92A934D8100F4DCF4 /* ImagePicker.swift */,
				D6940FB02A94B6330034F6CA /* RegistrationView.swift */,
				D6940FB62A9B12AA0034F6CA /* SearchBar.swift */,
				D6940FF82A9C82F80034F6CA /* ForgotPasswordView.swift */,
			);
			path = Shared;
			sourceTree = "<group>";
		};
		D61A2E202A9330890026CEE5 /* Products */ = {
			isa = PBXGroup;
			children = (
				D61A2E1F2A9330890026CEE5 /* CarPedia.app */,
				D61A2E272A9330890026CEE5 /* CarPedia.app */,
				D61A2E2F2A9330890026CEE5 /* Tests iOS.xctest */,
				D61A2E3A2A9330890026CEE5 /* Tests macOS.xctest */,
			);
			name = Products;
			sourceTree = "<group>";
		};
		D61A2E212A9330890026CEE5 /* iOS */ = {
			isa = PBXGroup;
			children = (
				D61A2E222A9330890026CEE5 /* Info.plist */,
			);
			path = iOS;
			sourceTree = "<group>";
		};
		D61A2E282A9330890026CEE5 /* macOS */ = {
			isa = PBXGroup;
			children = (
				D61A2E292A9330890026CEE5 /* Info.plist */,
				D61A2E2A2A9330890026CEE5 /* macOS.entitlements */,
			);
			path = macOS;
			sourceTree = "<group>";
		};
		D61A2E322A9330890026CEE5 /* Tests iOS */ = {
			isa = PBXGroup;
			children = (
				D61A2E332A9330890026CEE5 /* Tests_iOS.swift */,
				D61A2E352A9330890026CEE5 /* Info.plist */,
			);
			path = "Tests iOS";
			sourceTree = "<group>";
		};
		D61A2E3D2A9330890026CEE5 /* Tests macOS */ = {
			isa = PBXGroup;
			children = (
				D61A2E3E2A9330890026CEE5 /* Tests_macOS.swift */,
				D61A2E402A9330890026CEE5 /* Info.plist */,
			);
			path = "Tests macOS";
			sourceTree = "<group>";
		};
/* End PBXGroup section */

/* Begin PBXNativeTarget section */
		D61A2E1E2A9330890026CEE5 /* CarPedia (iOS) */ = {
			isa = PBXNativeTarget;
			buildConfigurationList = D61A2E492A9330890026CEE5 /* Build configuration list for PBXNativeTarget "CarPedia (iOS)" */;
			buildPhases = (
				D61A2E1B2A9330890026CEE5 /* Sources */,
				D61A2E1C2A9330890026CEE5 /* Frameworks */,
				D61A2E1D2A9330890026CEE5 /* Resources */,
			);
			buildRules = (
			);
			dependencies = (
			);
			name = "CarPedia (iOS)";
			packageProductDependencies = (
				D6940FC42A9B64D80034F6CA /* FirebaseAnalytics */,
				D6940FC62A9B64D80034F6CA /* FirebaseAnalyticsOnDeviceConversion */,
				D6940FC82A9B64D80034F6CA /* FirebaseAnalyticsSwift */,
				D6940FCA2A9B64D80034F6CA /* FirebaseAnalyticsWithoutAdIdSupport */,
				D6940FCC2A9B64D80034F6CA /* FirebaseAppCheck */,
				D6940FCE2A9B64D80034F6CA /* FirebaseAppDistribution-Beta */,
				D6940FD02A9B64D80034F6CA /* FirebaseAuth */,
				D6940FD22A9B64D80034F6CA /* FirebaseAuthCombine-Community */,
				D6940FD42A9B64D80034F6CA /* FirebaseCrashlytics */,
				D6940FD62A9B64D80034F6CA /* FirebaseDatabase */,
				D6940FD82A9B64D80034F6CA /* FirebaseDatabaseSwift */,
				D6940FDA2A9B64D80034F6CA /* FirebaseDynamicLinks */,
				D6940FDC2A9B64D80034F6CA /* FirebaseFirestore */,
				D6940FDE2A9B64D80034F6CA /* FirebaseFirestoreCombine-Community */,
				D6940FE02A9B64D80034F6CA /* FirebaseFirestoreSwift */,
				D6940FE22A9B64D80034F6CA /* FirebaseFunctions */,
				D6940FE42A9B64D80034F6CA /* FirebaseFunctionsCombine-Community */,
				D6940FE62A9B64D80034F6CA /* FirebaseInAppMessagingSwift-Beta */,
				D6940FE82A9B64D80034F6CA /* FirebaseInstallations */,
				D6940FEA2A9B64D80034F6CA /* FirebaseMLModelDownloader */,
				D6940FEC2A9B64D80034F6CA /* FirebaseMessaging */,
				D6940FEE2A9B64D80034F6CA /* FirebasePerformance */,
				D6940FF02A9B64D80034F6CA /* FirebaseRemoteConfig */,
				D6940FF22A9B64D80034F6CA /* FirebaseRemoteConfigSwift */,
				D6940FF42A9B64D80034F6CA /* FirebaseStorage */,
				D6940FF62A9B64D80034F6CA /* FirebaseStorageCombine-Community */,
			);
			productName = "CarPedia (iOS)";
			productReference = D61A2E1F2A9330890026CEE5 /* CarPedia.app */;
			productType = "com.apple.product-type.application";
		};
		D61A2E262A9330890026CEE5 /* CarPedia (macOS) */ = {
			isa = PBXNativeTarget;
			buildConfigurationList = D61A2E4C2A9330890026CEE5 /* Build configuration list for PBXNativeTarget "CarPedia (macOS)" */;
			buildPhases = (
				D61A2E232A9330890026CEE5 /* Sources */,
				D61A2E242A9330890026CEE5 /* Frameworks */,
				D61A2E252A9330890026CEE5 /* Resources */,
			);
			buildRules = (
			);
			dependencies = (
			);
			name = "CarPedia (macOS)";
			productName = "CarPedia (macOS)";
			productReference = D61A2E272A9330890026CEE5 /* CarPedia.app */;
			productType = "com.apple.product-type.application";
		};
		D61A2E2E2A9330890026CEE5 /* Tests iOS */ = {
			isa = PBXNativeTarget;
			buildConfigurationList = D61A2E4F2A9330890026CEE5 /* Build configuration list for PBXNativeTarget "Tests iOS" */;
			buildPhases = (
				D61A2E2B2A9330890026CEE5 /* Sources */,
				D61A2E2C2A9330890026CEE5 /* Frameworks */,
				D61A2E2D2A9330890026CEE5 /* Resources */,
			);
			buildRules = (
			);
			dependencies = (
				D61A2E312A9330890026CEE5 /* PBXTargetDependency */,
			);
			name = "Tests iOS";
			productName = "Tests iOS";
			productReference = D61A2E2F2A9330890026CEE5 /* Tests iOS.xctest */;
			productType = "com.apple.product-type.bundle.ui-testing";
		};
		D61A2E392A9330890026CEE5 /* Tests macOS */ = {
			isa = PBXNativeTarget;
			buildConfigurationList = D61A2E522A9330890026CEE5 /* Build configuration list for PBXNativeTarget "Tests macOS" */;
			buildPhases = (
				D61A2E362A9330890026CEE5 /* Sources */,
				D61A2E372A9330890026CEE5 /* Frameworks */,
				D61A2E382A9330890026CEE5 /* Resources */,
			);
			buildRules = (
			);
			dependencies = (
				D61A2E3C2A9330890026CEE5 /* PBXTargetDependency */,
			);
			name = "Tests macOS";
			productName = "Tests macOS";
			productReference = D61A2E3A2A9330890026CEE5 /* Tests macOS.xctest */;
			productType = "com.apple.product-type.bundle.ui-testing";
		};
/* End PBXNativeTarget section */

/* Begin PBXProject section */
		D61A2E132A9330880026CEE5 /* Project object */ = {
			isa = PBXProject;
			attributes = {
				BuildIndependentTargetsInParallel = YES;
				LastSwiftUpdateCheck = 1250;
				LastUpgradeCheck = 1430;
				TargetAttributes = {
					D61A2E1E2A9330890026CEE5 = {
						CreatedOnToolsVersion = 12.5.1;
					};
					D61A2E262A9330890026CEE5 = {
						CreatedOnToolsVersion = 12.5.1;
					};
					D61A2E2E2A9330890026CEE5 = {
						CreatedOnToolsVersion = 12.5.1;
						TestTargetID = D61A2E1E2A9330890026CEE5;
					};
					D61A2E392A9330890026CEE5 = {
						CreatedOnToolsVersion = 12.5.1;
						TestTargetID = D61A2E262A9330890026CEE5;
					};
				};
			};
			buildConfigurationList = D61A2E162A9330880026CEE5 /* Build configuration list for PBXProject "CarPedia" */;
			compatibilityVersion = "Xcode 9.3";
			developmentRegion = en;
			hasScannedForEncodings = 0;
			knownRegions = (
				en,
				Base,
			);
			mainGroup = D61A2E122A9330880026CEE5;
			packageReferences = (
				D6940FC32A9B64D80034F6CA /* XCRemoteSwiftPackageReference "firebase-ios-sdk" */,
			);
			productRefGroup = D61A2E202A9330890026CEE5 /* Products */;
			projectDirPath = "";
			projectRoot = "";
			targets = (
				D61A2E1E2A9330890026CEE5 /* CarPedia (iOS) */,
				D61A2E262A9330890026CEE5 /* CarPedia (macOS) */,
				D61A2E2E2A9330890026CEE5 /* Tests iOS */,
				D61A2E392A9330890026CEE5 /* Tests macOS */,
			);
		};
/* End PBXProject section */

/* Begin PBXResourcesBuildPhase section */
		D61A2E1D2A9330890026CEE5 /* Resources */ = {
			isa = PBXResourcesBuildPhase;
			buildActionMask = 2147483647;
			files = (
				D61A2E452A9330890026CEE5 /* Assets.xcassets in Resources */,
				D6940FC12A9B1D780034F6CA /* GoogleService-Info.plist in Resources */,
			);
			runOnlyForDeploymentPostprocessing = 0;
		};
		D61A2E252A9330890026CEE5 /* Resources */ = {
			isa = PBXResourcesBuildPhase;
			buildActionMask = 2147483647;
			files = (
				D61A2E462A9330890026CEE5 /* Assets.xcassets in Resources */,
				D6940FC22A9B1D780034F6CA /* GoogleService-Info.plist in Resources */,
			);
			runOnlyForDeploymentPostprocessing = 0;
		};
		D61A2E2D2A9330890026CEE5 /* Resources */ = {
			isa = PBXResourcesBuildPhase;
			buildActionMask = 2147483647;
			files = (
			);
			runOnlyForDeploymentPostprocessing = 0;
		};
		D61A2E382A9330890026CEE5 /* Resources */ = {
			isa = PBXResourcesBuildPhase;
			buildActionMask = 2147483647;
			files = (
			);
			runOnlyForDeploymentPostprocessing = 0;
		};
/* End PBXResourcesBuildPhase section */

/* Begin PBXSourcesBuildPhase section */
		D61A2E1B2A9330890026CEE5 /* Sources */ = {
			isa = PBXSourcesBuildPhase;
			buildActionMask = 2147483647;
			files = (
				D649ADBB2A934BDA00F4DCF4 /* CarListViewModel.swift in Sources */,
				D649ADC42A934D5E00F4DCF4 /* EditCarView.swift in Sources */,
				D649ADBE2A934D1E00F4DCF4 /* ColoursExtensions.swift in Sources */,
				D6940FB12A94B6340034F6CA /* RegistrationView.swift in Sources */,
				D649ADAF2A934B8C00F4DCF4 /* AddCarView.swift in Sources */,
				D649ADC12A934D4B00F4DCF4 /* LoginView.swift in Sources */,
				D649ADC72A934D7100F4DCF4 /* DateFormatterExtensions.swift in Sources */,
				D6940FB72A9B12AA0034F6CA /* SearchBar.swift in Sources */,
				D61A2E432A9330890026CEE5 /* ContentView.swift in Sources */,
				D649ADB22A934B9F00F4DCF4 /* Car.swift in Sources */,
				D649ADB52A934BB300F4DCF4 /* CarDetailView.swift in Sources */,
				D649ADCA2A934D8100F4DCF4 /* ImagePicker.swift in Sources */,
				D61A2E412A9330890026CEE5 /* CarPediaApp.swift in Sources */,
				D6940FF92A9C82F80034F6CA /* ForgotPasswordView.swift in Sources */,
				D649ADB82A934BC700F4DCF4 /* CarListView.swift in Sources */,
			);
			runOnlyForDeploymentPostprocessing = 0;
		};
		D61A2E232A9330890026CEE5 /* Sources */ = {
			isa = PBXSourcesBuildPhase;
			buildActionMask = 2147483647;
			files = (
				D649ADBC2A934BDA00F4DCF4 /* CarListViewModel.swift in Sources */,
				D649ADC52A934D5E00F4DCF4 /* EditCarView.swift in Sources */,
				D649ADBF2A934D1E00F4DCF4 /* ColoursExtensions.swift in Sources */,
				D6940FB22A94B6340034F6CA /* RegistrationView.swift in Sources */,
				D649ADB02A934B8C00F4DCF4 /* AddCarView.swift in Sources */,
				D649ADC22A934D4B00F4DCF4 /* LoginView.swift in Sources */,
				D649ADC82A934D7100F4DCF4 /* DateFormatterExtensions.swift in Sources */,
				D6940FB82A9B12AA0034F6CA /* SearchBar.swift in Sources */,
				D61A2E442A9330890026CEE5 /* ContentView.swift in Sources */,
				D649ADB32A934B9F00F4DCF4 /* Car.swift in Sources */,
				D649ADB62A934BB300F4DCF4 /* CarDetailView.swift in Sources */,
				D649ADCB2A934D8100F4DCF4 /* ImagePicker.swift in Sources */,
				D61A2E422A9330890026CEE5 /* CarPediaApp.swift in Sources */,
				D6940FFA2A9C82F80034F6CA /* ForgotPasswordView.swift in Sources */,
				D649ADB92A934BC700F4DCF4 /* CarListView.swift in Sources */,
			);
			runOnlyForDeploymentPostprocessing = 0;
		};
		D61A2E2B2A9330890026CEE5 /* Sources */ = {
			isa = PBXSourcesBuildPhase;
			buildActionMask = 2147483647;
			files = (
				D61A2E342A9330890026CEE5 /* Tests_iOS.swift in Sources */,
			);
			runOnlyForDeploymentPostprocessing = 0;
		};
		D61A2E362A9330890026CEE5 /* Sources */ = {
			isa = PBXSourcesBuildPhase;
			buildActionMask = 2147483647;
			files = (
				D61A2E3F2A9330890026CEE5 /* Tests_macOS.swift in Sources */,
			);
			runOnlyForDeploymentPostprocessing = 0;
		};
/* End PBXSourcesBuildPhase section */

/* Begin PBXTargetDependency section */
		D61A2E312A9330890026CEE5 /* PBXTargetDependency */ = {
			isa = PBXTargetDependency;
			target = D61A2E1E2A9330890026CEE5 /* CarPedia (iOS) */;
			targetProxy = D61A2E302A9330890026CEE5 /* PBXContainerItemProxy */;
		};
		D61A2E3C2A9330890026CEE5 /* PBXTargetDependency */ = {
			isa = PBXTargetDependency;
			target = D61A2E262A9330890026CEE5 /* CarPedia (macOS) */;
			targetProxy = D61A2E3B2A9330890026CEE5 /* PBXContainerItemProxy */;
		};
/* End PBXTargetDependency section */

/* Begin XCBuildConfiguration section */
		D61A2E472A9330890026CEE5 /* Debug */ = {
			isa = XCBuildConfiguration;
			buildSettings = {
				ALWAYS_SEARCH_USER_PATHS = NO;
				CLANG_ANALYZER_NONNULL = YES;
				CLANG_ANALYZER_NUMBER_OBJECT_CONVERSION = YES_AGGRESSIVE;
				CLANG_CXX_LANGUAGE_STANDARD = "gnu++14";
				CLANG_CXX_LIBRARY = "libc++";
				CLANG_ENABLE_MODULES = YES;
				CLANG_ENABLE_OBJC_ARC = YES;
				CLANG_ENABLE_OBJC_WEAK = YES;
				CLANG_WARN_BLOCK_CAPTURE_AUTORELEASING = YES;
				CLANG_WARN_BOOL_CONVERSION = YES;
				CLANG_WARN_COMMA = YES;
				CLANG_WARN_CONSTANT_CONVERSION = YES;
				CLANG_WARN_DEPRECATED_OBJC_IMPLEMENTATIONS = YES;
				CLANG_WARN_DIRECT_OBJC_ISA_USAGE = YES_ERROR;
				CLANG_WARN_DOCUMENTATION_COMMENTS = YES;
				CLANG_WARN_EMPTY_BODY = YES;
				CLANG_WARN_ENUM_CONVERSION = YES;
				CLANG_WARN_INFINITE_RECURSION = YES;
				CLANG_WARN_INT_CONVERSION = YES;
				CLANG_WARN_NON_LITERAL_NULL_CONVERSION = YES;
				CLANG_WARN_OBJC_IMPLICIT_RETAIN_SELF = YES;
				CLANG_WARN_OBJC_LITERAL_CONVERSION = YES;
				CLANG_WARN_OBJC_ROOT_CLASS = YES_ERROR;
				CLANG_WARN_QUOTED_INCLUDE_IN_FRAMEWORK_HEADER = YES;
				CLANG_WARN_RANGE_LOOP_ANALYSIS = YES;
				CLANG_WARN_STRICT_PROTOTYPES = YES;
				CLANG_WARN_SUSPICIOUS_MOVE = YES;
				CLANG_WARN_UNGUARDED_AVAILABILITY = YES_AGGRESSIVE;
				CLANG_WARN_UNREACHABLE_CODE = YES;
				CLANG_WARN__DUPLICATE_METHOD_MATCH = YES;
				COPY_PHASE_STRIP = NO;
				DEAD_CODE_STRIPPING = YES;
				DEBUG_INFORMATION_FORMAT = dwarf;
				ENABLE_STRICT_OBJC_MSGSEND = YES;
				ENABLE_TESTABILITY = YES;
				GCC_C_LANGUAGE_STANDARD = gnu11;
				GCC_DYNAMIC_NO_PIC = NO;
				GCC_NO_COMMON_BLOCKS = YES;
				GCC_OPTIMIZATION_LEVEL = 0;
				GCC_PREPROCESSOR_DEFINITIONS = (
					"DEBUG=1",
					"$(inherited)",
				);
				GCC_WARN_64_TO_32_BIT_CONVERSION = YES;
				GCC_WARN_ABOUT_RETURN_TYPE = YES_ERROR;
				GCC_WARN_UNDECLARED_SELECTOR = YES;
				GCC_WARN_UNINITIALIZED_AUTOS = YES_AGGRESSIVE;
				GCC_WARN_UNUSED_FUNCTION = YES;
				GCC_WARN_UNUSED_VARIABLE = YES;
				MTL_ENABLE_DEBUG_INFO = INCLUDE_SOURCE;
				MTL_FAST_MATH = YES;
				ONLY_ACTIVE_ARCH = YES;
				SWIFT_ACTIVE_COMPILATION_CONDITIONS = DEBUG;
				SWIFT_OPTIMIZATION_LEVEL = "-Onone";
			};
			name = Debug;
		};
		D61A2E482A9330890026CEE5 /* Release */ = {
			isa = XCBuildConfiguration;
			buildSettings = {
				ALWAYS_SEARCH_USER_PATHS = NO;
				CLANG_ANALYZER_NONNULL = YES;
				CLANG_ANALYZER_NUMBER_OBJECT_CONVERSION = YES_AGGRESSIVE;
				CLANG_CXX_LANGUAGE_STANDARD = "gnu++14";
				CLANG_CXX_LIBRARY = "libc++";
				CLANG_ENABLE_MODULES = YES;
				CLANG_ENABLE_OBJC_ARC = YES;
				CLANG_ENABLE_OBJC_WEAK = YES;
				CLANG_WARN_BLOCK_CAPTURE_AUTORELEASING = YES;
				CLANG_WARN_BOOL_CONVERSION = YES;
				CLANG_WARN_COMMA = YES;
				CLANG_WARN_CONSTANT_CONVERSION = YES;
				CLANG_WARN_DEPRECATED_OBJC_IMPLEMENTATIONS = YES;
				CLANG_WARN_DIRECT_OBJC_ISA_USAGE = YES_ERROR;
				CLANG_WARN_DOCUMENTATION_COMMENTS = YES;
				CLANG_WARN_EMPTY_BODY = YES;
				CLANG_WARN_ENUM_CONVERSION = YES;
				CLANG_WARN_INFINITE_RECURSION = YES;
				CLANG_WARN_INT_CONVERSION = YES;
				CLANG_WARN_NON_LITERAL_NULL_CONVERSION = YES;
				CLANG_WARN_OBJC_IMPLICIT_RETAIN_SELF = YES;
				CLANG_WARN_OBJC_LITERAL_CONVERSION = YES;
				CLANG_WARN_OBJC_ROOT_CLASS = YES_ERROR;
				CLANG_WARN_QUOTED_INCLUDE_IN_FRAMEWORK_HEADER = YES;
				CLANG_WARN_RANGE_LOOP_ANALYSIS = YES;
				CLANG_WARN_STRICT_PROTOTYPES = YES;
				CLANG_WARN_SUSPICIOUS_MOVE = YES;
				CLANG_WARN_UNGUARDED_AVAILABILITY = YES_AGGRESSIVE;
				CLANG_WARN_UNREACHABLE_CODE = YES;
				CLANG_WARN__DUPLICATE_METHOD_MATCH = YES;
				COPY_PHASE_STRIP = NO;
				DEAD_CODE_STRIPPING = YES;
				DEBUG_INFORMATION_FORMAT = "dwarf-with-dsym";
				ENABLE_NS_ASSERTIONS = NO;
				ENABLE_STRICT_OBJC_MSGSEND = YES;
				GCC_C_LANGUAGE_STANDARD = gnu11;
				GCC_NO_COMMON_BLOCKS = YES;
				GCC_WARN_64_TO_32_BIT_CONVERSION = YES;
				GCC_WARN_ABOUT_RETURN_TYPE = YES_ERROR;
				GCC_WARN_UNDECLARED_SELECTOR = YES;
				GCC_WARN_UNINITIALIZED_AUTOS = YES_AGGRESSIVE;
				GCC_WARN_UNUSED_FUNCTION = YES;
				GCC_WARN_UNUSED_VARIABLE = YES;
				MTL_ENABLE_DEBUG_INFO = NO;
				MTL_FAST_MATH = YES;
				SWIFT_COMPILATION_MODE = wholemodule;
				SWIFT_OPTIMIZATION_LEVEL = "-O";
			};
			name = Release;
		};
		D61A2E4A2A9330890026CEE5 /* Debug */ = {
			isa = XCBuildConfiguration;
			buildSettings = {
				ASSETCATALOG_COMPILER_APPICON_NAME = AppIcon;
				ASSETCATALOG_COMPILER_GLOBAL_ACCENT_COLOR_NAME = AccentColor;
				CODE_SIGN_STYLE = Automatic;
				DEVELOPMENT_TEAM = PF7G8V45W2;
				ENABLE_PREVIEWS = YES;
				INFOPLIST_FILE = iOS/Info.plist;
				IPHONEOS_DEPLOYMENT_TARGET = 14.0;
				LD_RUNPATH_SEARCH_PATHS = (
					"$(inherited)",
					"@executable_path/Frameworks",
				);
				PRODUCT_BUNDLE_IDENTIFIER = CarPedia.CarPedia;
				PRODUCT_NAME = CarPedia;
				SDKROOT = iphoneos;
				SWIFT_VERSION = 5.0;
				TARGETED_DEVICE_FAMILY = "1,2";
			};
			name = Debug;
		};
		D61A2E4B2A9330890026CEE5 /* Release */ = {
			isa = XCBuildConfiguration;
			buildSettings = {
				ASSETCATALOG_COMPILER_APPICON_NAME = AppIcon;
				ASSETCATALOG_COMPILER_GLOBAL_ACCENT_COLOR_NAME = AccentColor;
				CODE_SIGN_STYLE = Automatic;
				DEVELOPMENT_TEAM = PF7G8V45W2;
				ENABLE_PREVIEWS = YES;
				INFOPLIST_FILE = iOS/Info.plist;
				IPHONEOS_DEPLOYMENT_TARGET = 14.0;
				LD_RUNPATH_SEARCH_PATHS = (
					"$(inherited)",
					"@executable_path/Frameworks",
				);
				PRODUCT_BUNDLE_IDENTIFIER = CarPedia.CarPedia;
				PRODUCT_NAME = CarPedia;
				SDKROOT = iphoneos;
				SWIFT_VERSION = 5.0;
				TARGETED_DEVICE_FAMILY = "1,2";
				VALIDATE_PRODUCT = YES;
			};
			name = Release;
		};
		D61A2E4D2A9330890026CEE5 /* Debug */ = {
			isa = XCBuildConfiguration;
			buildSettings = {
				ASSETCATALOG_COMPILER_APPICON_NAME = AppIcon;
				ASSETCATALOG_COMPILER_GLOBAL_ACCENT_COLOR_NAME = AccentColor;
				CODE_SIGN_ENTITLEMENTS = macOS/macOS.entitlements;
				CODE_SIGN_STYLE = Automatic;
				COMBINE_HIDPI_IMAGES = YES;
				DEAD_CODE_STRIPPING = YES;
				DEVELOPMENT_TEAM = PF7G8V45W2;
				ENABLE_HARDENED_RUNTIME = YES;
				ENABLE_PREVIEWS = YES;
				INFOPLIST_FILE = macOS/Info.plist;
				LD_RUNPATH_SEARCH_PATHS = (
					"$(inherited)",
					"@executable_path/../Frameworks",
				);
				MACOSX_DEPLOYMENT_TARGET = 11.0;
				PRODUCT_BUNDLE_IDENTIFIER = CarPedia.CarPedia;
				PRODUCT_NAME = CarPedia;
				SDKROOT = macosx;
				SWIFT_VERSION = 5.0;
			};
			name = Debug;
		};
		D61A2E4E2A9330890026CEE5 /* Release */ = {
			isa = XCBuildConfiguration;
			buildSettings = {
				ASSETCATALOG_COMPILER_APPICON_NAME = AppIcon;
				ASSETCATALOG_COMPILER_GLOBAL_ACCENT_COLOR_NAME = AccentColor;
				CODE_SIGN_ENTITLEMENTS = macOS/macOS.entitlements;
				CODE_SIGN_STYLE = Automatic;
				COMBINE_HIDPI_IMAGES = YES;
				DEAD_CODE_STRIPPING = YES;
				DEVELOPMENT_TEAM = PF7G8V45W2;
				ENABLE_HARDENED_RUNTIME = YES;
				ENABLE_PREVIEWS = YES;
				INFOPLIST_FILE = macOS/Info.plist;
				LD_RUNPATH_SEARCH_PATHS = (
					"$(inherited)",
					"@executable_path/../Frameworks",
				);
				MACOSX_DEPLOYMENT_TARGET = 11.0;
				PRODUCT_BUNDLE_IDENTIFIER = CarPedia.CarPedia;
				PRODUCT_NAME = CarPedia;
				SDKROOT = macosx;
				SWIFT_VERSION = 5.0;
			};
			name = Release;
		};
		D61A2E502A9330890026CEE5 /* Debug */ = {
			isa = XCBuildConfiguration;
			buildSettings = {
				ALWAYS_EMBED_SWIFT_STANDARD_LIBRARIES = YES;
				CODE_SIGN_STYLE = Automatic;
				DEVELOPMENT_TEAM = PF7G8V45W2;
				INFOPLIST_FILE = "Tests iOS/Info.plist";
				IPHONEOS_DEPLOYMENT_TARGET = 14.5;
				LD_RUNPATH_SEARCH_PATHS = (
					"$(inherited)",
					"@executable_path/Frameworks",
					"@loader_path/Frameworks",
				);
				PRODUCT_BUNDLE_IDENTIFIER = "CarPedia.Tests-iOS";
				PRODUCT_NAME = "$(TARGET_NAME)";
				SDKROOT = iphoneos;
				SWIFT_VERSION = 5.0;
				TARGETED_DEVICE_FAMILY = "1,2";
				TEST_TARGET_NAME = "CarPedia (iOS)";
			};
			name = Debug;
		};
		D61A2E512A9330890026CEE5 /* Release */ = {
			isa = XCBuildConfiguration;
			buildSettings = {
				ALWAYS_EMBED_SWIFT_STANDARD_LIBRARIES = YES;
				CODE_SIGN_STYLE = Automatic;
				DEVELOPMENT_TEAM = PF7G8V45W2;
				INFOPLIST_FILE = "Tests iOS/Info.plist";
				IPHONEOS_DEPLOYMENT_TARGET = 14.5;
				LD_RUNPATH_SEARCH_PATHS = (
					"$(inherited)",
					"@executable_path/Frameworks",
					"@loader_path/Frameworks",
				);
				PRODUCT_BUNDLE_IDENTIFIER = "CarPedia.Tests-iOS";
				PRODUCT_NAME = "$(TARGET_NAME)";
				SDKROOT = iphoneos;
				SWIFT_VERSION = 5.0;
				TARGETED_DEVICE_FAMILY = "1,2";
				TEST_TARGET_NAME = "CarPedia (iOS)";
				VALIDATE_PRODUCT = YES;
			};
			name = Release;
		};
		D61A2E532A9330890026CEE5 /* Debug */ = {
			isa = XCBuildConfiguration;
			buildSettings = {
				ALWAYS_EMBED_SWIFT_STANDARD_LIBRARIES = YES;
				CODE_SIGN_STYLE = Automatic;
				COMBINE_HIDPI_IMAGES = YES;
				DEAD_CODE_STRIPPING = YES;
				DEVELOPMENT_TEAM = PF7G8V45W2;
				INFOPLIST_FILE = "Tests macOS/Info.plist";
				LD_RUNPATH_SEARCH_PATHS = (
					"$(inherited)",
					"@executable_path/../Frameworks",
					"@loader_path/../Frameworks",
				);
				MACOSX_DEPLOYMENT_TARGET = 11.2;
				PRODUCT_BUNDLE_IDENTIFIER = "CarPedia.Tests-macOS";
				PRODUCT_NAME = "$(TARGET_NAME)";
				SDKROOT = macosx;
				SWIFT_VERSION = 5.0;
				TEST_TARGET_NAME = "CarPedia (macOS)";
			};
			name = Debug;
		};
		D61A2E542A9330890026CEE5 /* Release */ = {
			isa = XCBuildConfiguration;
			buildSettings = {
				ALWAYS_EMBED_SWIFT_STANDARD_LIBRARIES = YES;
				CODE_SIGN_STYLE = Automatic;
				COMBINE_HIDPI_IMAGES = YES;
				DEAD_CODE_STRIPPING = YES;
				DEVELOPMENT_TEAM = PF7G8V45W2;
				INFOPLIST_FILE = "Tests macOS/Info.plist";
				LD_RUNPATH_SEARCH_PATHS = (
					"$(inherited)",
					"@executable_path/../Frameworks",
					"@loader_path/../Frameworks",
				);
				MACOSX_DEPLOYMENT_TARGET = 11.2;
				PRODUCT_BUNDLE_IDENTIFIER = "CarPedia.Tests-macOS";
				PRODUCT_NAME = "$(TARGET_NAME)";
				SDKROOT = macosx;
				SWIFT_VERSION = 5.0;
				TEST_TARGET_NAME = "CarPedia (macOS)";
			};
			name = Release;
		};
/* End XCBuildConfiguration section */

/* Begin XCConfigurationList section */
		D61A2E162A9330880026CEE5 /* Build configuration list for PBXProject "CarPedia" */ = {
			isa = XCConfigurationList;
			buildConfigurations = (
				D61A2E472A9330890026CEE5 /* Debug */,
				D61A2E482A9330890026CEE5 /* Release */,
			);
			defaultConfigurationIsVisible = 0;
			defaultConfigurationName = Release;
		};
		D61A2E492A9330890026CEE5 /* Build configuration list for PBXNativeTarget "CarPedia (iOS)" */ = {
			isa = XCConfigurationList;
			buildConfigurations = (
				D61A2E4A2A9330890026CEE5 /* Debug */,
				D61A2E4B2A9330890026CEE5 /* Release */,
			);
			defaultConfigurationIsVisible = 0;
			defaultConfigurationName = Release;
		};
		D61A2E4C2A9330890026CEE5 /* Build configuration list for PBXNativeTarget "CarPedia (macOS)" */ = {
			isa = XCConfigurationList;
			buildConfigurations = (
				D61A2E4D2A9330890026CEE5 /* Debug */,
				D61A2E4E2A9330890026CEE5 /* Release */,
			);
			defaultConfigurationIsVisible = 0;
			defaultConfigurationName = Release;
		};
		D61A2E4F2A9330890026CEE5 /* Build configuration list for PBXNativeTarget "Tests iOS" */ = {
			isa = XCConfigurationList;
			buildConfigurations = (
				D61A2E502A9330890026CEE5 /* Debug */,
				D61A2E512A9330890026CEE5 /* Release */,
			);
			defaultConfigurationIsVisible = 0;
			defaultConfigurationName = Release;
		};
		D61A2E522A9330890026CEE5 /* Build configuration list for PBXNativeTarget "Tests macOS" */ = {
			isa = XCConfigurationList;
			buildConfigurations = (
				D61A2E532A9330890026CEE5 /* Debug */,
				D61A2E542A9330890026CEE5 /* Release */,
			);
			defaultConfigurationIsVisible = 0;
			defaultConfigurationName = Release;
		};
/* End XCConfigurationList section */

/* Begin XCRemoteSwiftPackageReference section */
		D6940FC32A9B64D80034F6CA /* XCRemoteSwiftPackageReference "firebase-ios-sdk" */ = {
			isa = XCRemoteSwiftPackageReference;
			repositoryURL = "https://github.com/firebase/firebase-ios-sdk.git";
			requirement = {
				kind = upToNextMajorVersion;
				minimumVersion = 10.0.0;
			};
		};
/* End XCRemoteSwiftPackageReference section */

/* Begin XCSwiftPackageProductDependency section */
		D6940FC42A9B64D80034F6CA /* FirebaseAnalytics */ = {
			isa = XCSwiftPackageProductDependency;
			package = D6940FC32A9B64D80034F6CA /* XCRemoteSwiftPackageReference "firebase-ios-sdk" */;
			productName = FirebaseAnalytics;
		};
		D6940FC62A9B64D80034F6CA /* FirebaseAnalyticsOnDeviceConversion */ = {
			isa = XCSwiftPackageProductDependency;
			package = D6940FC32A9B64D80034F6CA /* XCRemoteSwiftPackageReference "firebase-ios-sdk" */;
			productName = FirebaseAnalyticsOnDeviceConversion;
		};
		D6940FC82A9B64D80034F6CA /* FirebaseAnalyticsSwift */ = {
			isa = XCSwiftPackageProductDependency;
			package = D6940FC32A9B64D80034F6CA /* XCRemoteSwiftPackageReference "firebase-ios-sdk" */;
			productName = FirebaseAnalyticsSwift;
		};
		D6940FCA2A9B64D80034F6CA /* FirebaseAnalyticsWithoutAdIdSupport */ = {
			isa = XCSwiftPackageProductDependency;
			package = D6940FC32A9B64D80034F6CA /* XCRemoteSwiftPackageReference "firebase-ios-sdk" */;
			productName = FirebaseAnalyticsWithoutAdIdSupport;
		};
		D6940FCC2A9B64D80034F6CA /* FirebaseAppCheck */ = {
			isa = XCSwiftPackageProductDependency;
			package = D6940FC32A9B64D80034F6CA /* XCRemoteSwiftPackageReference "firebase-ios-sdk" */;
			productName = FirebaseAppCheck;
		};
		D6940FCE2A9B64D80034F6CA /* FirebaseAppDistribution-Beta */ = {
			isa = XCSwiftPackageProductDependency;
			package = D6940FC32A9B64D80034F6CA /* XCRemoteSwiftPackageReference "firebase-ios-sdk" */;
			productName = "FirebaseAppDistribution-Beta";
		};
		D6940FD02A9B64D80034F6CA /* FirebaseAuth */ = {
			isa = XCSwiftPackageProductDependency;
			package = D6940FC32A9B64D80034F6CA /* XCRemoteSwiftPackageReference "firebase-ios-sdk" */;
			productName = FirebaseAuth;
		};
		D6940FD22A9B64D80034F6CA /* FirebaseAuthCombine-Community */ = {
			isa = XCSwiftPackageProductDependency;
			package = D6940FC32A9B64D80034F6CA /* XCRemoteSwiftPackageReference "firebase-ios-sdk" */;
			productName = "FirebaseAuthCombine-Community";
		};
		D6940FD42A9B64D80034F6CA /* FirebaseCrashlytics */ = {
			isa = XCSwiftPackageProductDependency;
			package = D6940FC32A9B64D80034F6CA /* XCRemoteSwiftPackageReference "firebase-ios-sdk" */;
			productName = FirebaseCrashlytics;
		};
		D6940FD62A9B64D80034F6CA /* FirebaseDatabase */ = {
			isa = XCSwiftPackageProductDependency;
			package = D6940FC32A9B64D80034F6CA /* XCRemoteSwiftPackageReference "firebase-ios-sdk" */;
			productName = FirebaseDatabase;
		};
		D6940FD82A9B64D80034F6CA /* FirebaseDatabaseSwift */ = {
			isa = XCSwiftPackageProductDependency;
			package = D6940FC32A9B64D80034F6CA /* XCRemoteSwiftPackageReference "firebase-ios-sdk" */;
			productName = FirebaseDatabaseSwift;
		};
		D6940FDA2A9B64D80034F6CA /* FirebaseDynamicLinks */ = {
			isa = XCSwiftPackageProductDependency;
			package = D6940FC32A9B64D80034F6CA /* XCRemoteSwiftPackageReference "firebase-ios-sdk" */;
			productName = FirebaseDynamicLinks;
		};
		D6940FDC2A9B64D80034F6CA /* FirebaseFirestore */ = {
			isa = XCSwiftPackageProductDependency;
			package = D6940FC32A9B64D80034F6CA /* XCRemoteSwiftPackageReference "firebase-ios-sdk" */;
			productName = FirebaseFirestore;
		};
		D6940FDE2A9B64D80034F6CA /* FirebaseFirestoreCombine-Community */ = {
			isa = XCSwiftPackageProductDependency;
			package = D6940FC32A9B64D80034F6CA /* XCRemoteSwiftPackageReference "firebase-ios-sdk" */;
			productName = "FirebaseFirestoreCombine-Community";
		};
		D6940FE02A9B64D80034F6CA /* FirebaseFirestoreSwift */ = {
			isa = XCSwiftPackageProductDependency;
			package = D6940FC32A9B64D80034F6CA /* XCRemoteSwiftPackageReference "firebase-ios-sdk" */;
			productName = FirebaseFirestoreSwift;
		};
		D6940FE22A9B64D80034F6CA /* FirebaseFunctions */ = {
			isa = XCSwiftPackageProductDependency;
			package = D6940FC32A9B64D80034F6CA /* XCRemoteSwiftPackageReference "firebase-ios-sdk" */;
			productName = FirebaseFunctions;
		};
		D6940FE42A9B64D80034F6CA /* FirebaseFunctionsCombine-Community */ = {
			isa = XCSwiftPackageProductDependency;
			package = D6940FC32A9B64D80034F6CA /* XCRemoteSwiftPackageReference "firebase-ios-sdk" */;
			productName = "FirebaseFunctionsCombine-Community";
		};
		D6940FE62A9B64D80034F6CA /* FirebaseInAppMessagingSwift-Beta */ = {
			isa = XCSwiftPackageProductDependency;
			package = D6940FC32A9B64D80034F6CA /* XCRemoteSwiftPackageReference "firebase-ios-sdk" */;
			productName = "FirebaseInAppMessagingSwift-Beta";
		};
		D6940FE82A9B64D80034F6CA /* FirebaseInstallations */ = {
			isa = XCSwiftPackageProductDependency;
			package = D6940FC32A9B64D80034F6CA /* XCRemoteSwiftPackageReference "firebase-ios-sdk" */;
			productName = FirebaseInstallations;
		};
		D6940FEA2A9B64D80034F6CA /* FirebaseMLModelDownloader */ = {
			isa = XCSwiftPackageProductDependency;
			package = D6940FC32A9B64D80034F6CA /* XCRemoteSwiftPackageReference "firebase-ios-sdk" */;
			productName = FirebaseMLModelDownloader;
		};
		D6940FEC2A9B64D80034F6CA /* FirebaseMessaging */ = {
			isa = XCSwiftPackageProductDependency;
			package = D6940FC32A9B64D80034F6CA /* XCRemoteSwiftPackageReference "firebase-ios-sdk" */;
			productName = FirebaseMessaging;
		};
		D6940FEE2A9B64D80034F6CA /* FirebasePerformance */ = {
			isa = XCSwiftPackageProductDependency;
			package = D6940FC32A9B64D80034F6CA /* XCRemoteSwiftPackageReference "firebase-ios-sdk" */;
			productName = FirebasePerformance;
		};
		D6940FF02A9B64D80034F6CA /* FirebaseRemoteConfig */ = {
			isa = XCSwiftPackageProductDependency;
			package = D6940FC32A9B64D80034F6CA /* XCRemoteSwiftPackageReference "firebase-ios-sdk" */;
			productName = FirebaseRemoteConfig;
		};
		D6940FF22A9B64D80034F6CA /* FirebaseRemoteConfigSwift */ = {
			isa = XCSwiftPackageProductDependency;
			package = D6940FC32A9B64D80034F6CA /* XCRemoteSwiftPackageReference "firebase-ios-sdk" */;
			productName = FirebaseRemoteConfigSwift;
		};
		D6940FF42A9B64D80034F6CA /* FirebaseStorage */ = {
			isa = XCSwiftPackageProductDependency;
			package = D6940FC32A9B64D80034F6CA /* XCRemoteSwiftPackageReference "firebase-ios-sdk" */;
			productName = FirebaseStorage;
		};
		D6940FF62A9B64D80034F6CA /* FirebaseStorageCombine-Community */ = {
			isa = XCSwiftPackageProductDependency;
			package = D6940FC32A9B64D80034F6CA /* XCRemoteSwiftPackageReference "firebase-ios-sdk" */;
			productName = "FirebaseStorageCombine-Community";
		};
/* End XCSwiftPackageProductDependency section */
	};
	rootObject = D61A2E132A9330880026CEE5 /* Project object */;
}
